
Microsoft Visual Studio Solution File, Format Version 12.00
# Visual Studio Version 17
VisualStudioVersion = 17.3.32901.215
MinimumVisualStudioVersion = 10.0.40219.1
Project("{FAE04EC0-301F-11D3-BF4B-00C04F79EFBC}") = "MusicaBartolomeNavarroCesar", "MusicaBartolomeNavarroCesar\MusicaBartolomeNavarroCesar.csproj", "{CE5E49E5-2CCE-4B36-B5AC-2ACE04ED3B58}"
EndProject
Global
	GlobalSection(SolutionConfigurationPlatforms) = preSolution
		Debug|Any CPU = Debug|Any CPU
		Release|Any CPU = Release|Any CPU
	EndGlobalSection
	GlobalSection(ProjectConfigurationPlatforms) = postSolution
		{CE5E49E5-2CCE-4B36-B5AC-2ACE04ED3B58}.Debug|Any CPU.ActiveCfg = Debug|Any CPU
		{CE5E49E5-2CCE-4B36-B5AC-2ACE04ED3B58}.Debug|Any CPU.Build.0 = Debug|Any CPU
		{CE5E49E5-2CCE-4B36-B5AC-2ACE04ED3B58}.Release|Any CPU.ActiveCfg = Release|Any CPU
		{CE5E49E5-2CCE-4B36-B5AC-2ACE04ED3B58}.Release|Any CPU.Build.0 = Release|Any CPU
	EndGlobalSection
	GlobalSection(SolutionProperties) = preSolution
		HideSolutionNode = FALSE
	EndGlobalSection
	GlobalSection(ExtensibilityGlobals) = postSolution
		SolutionGuid = {F50D95A2-A9FC-414C-A06D-BE66249BFD08}
	EndGlobalSection
EndGlobal
